
Microsoft Visual Studio Solution File, Format Version 12.00
# Visual Studio 15
VisualStudioVersion = 15.0.28307.168
MinimumVisualStudioVersion = 10.0.40219.1
Project("{FAE04EC0-301F-11D3-BF4B-00C04F79EFBC}") = "DownloadOSMTiles", "DownloadOSMTiles.csproj", "{EF660FFE-7662-47BB-9C78-4BBE4B23CBBD}"
EndProject
Global
	GlobalSection(SolutionConfigurationPlatforms) = preSolution
		Debug|Any CPU = Debug|Any CPU
		Release|Any CPU = Release|Any CPU
	EndGlobalSection
	GlobalSection(ProjectConfigurationPlatforms) = postSolution
		{EF660FFE-7662-47BB-9C78-4BBE4B23CBBD}.Debug|Any CPU.ActiveCfg = Debug|Any CPU
		{EF660FFE-7662-47BB-9C78-4BBE4B23CBBD}.Debug|Any CPU.Build.0 = Debug|Any CPU
		{EF660FFE-7662-47BB-9C78-4BBE4B23CBBD}.Release|Any CPU.ActiveCfg = Release|Any CPU
		{EF660FFE-7662-47BB-9C78-4BBE4B23CBBD}.Release|Any CPU.Build.0 = Release|Any CPU
	EndGlobalSection
	GlobalSection(SolutionProperties) = preSolution
		HideSolutionNode = FALSE
	EndGlobalSection
	GlobalSection(ExtensibilityGlobals) = postSolution
		SolutionGuid = {0DD035A1-3584-479E-A790-44A8D2D44CBD}
	EndGlobalSection
EndGlobal
